version = 1
revision = 2
requires-python = ">=3.13"

[[package]]
name = "commented-configparser"
version = "1.0.0"
source = { registry = "https://pypi.org/simple" }
sdist = { url = "https://files.pythonhosted.org/packages/57/c3/9482163130fbf6913b62c3f81dfc439e47e487be5358d01eb4d51abf5299/commented-configparser-1.0.0.tar.gz", hash = "sha256:f568158442f0c71e345e736b3adf097f42a2568f03bdb3b31132cb31c1b7e851", size = 8022, upload-time = "2022-11-05T20:17:30.062Z" }
wheels = [
    { url = "https://files.pythonhosted.org/packages/8b/3d/d27a0786e1547573896a5a16727860c4a7583514ce8275e5b2e99f369565/commented_configparser-1.0.0-py3-none-any.whl", hash = "sha256:7c534bcb778feea626c0e38f2a643352ca34c9c0acc6ffb9e29166359d0894ab", size = 8361, upload-time = "2022-11-05T20:17:28.565Z" },
]

[[package]]
name = "darkdetect"
version = "0.8.0"
source = { registry = "https://pypi.org/simple" }
sdist = { url = "https://files.pythonhosted.org/packages/45/77/7575be73bf12dee231d0c6e60ce7fb7a7be4fcd58823374fc59a6e48262e/darkdetect-0.8.0.tar.gz", hash = "sha256:b5428e1170263eb5dea44c25dc3895edd75e6f52300986353cd63533fe7df8b1", size = 7681, upload-time = "2022-12-16T14:14:42.113Z" }
wheels = [
    { url = "https://files.pythonhosted.org/packages/f2/f2/728f041460f1b9739b85ee23b45fa5a505962ea11fd85bdbe2a02b021373/darkdetect-0.8.0-py3-none-any.whl", hash = "sha256:a7509ccf517eaad92b31c214f593dbcf138ea8a43b2935406bbd565e15527a85", size = 8955, upload-time = "2022-12-16T14:14:40.92Z" },
]

[[package]]
name = "importlib-metadata"
version = "7.2.1"
source = { registry = "https://pypi.org/simple" }
dependencies = [
    { name = "zipp" },
]
sdist = { url = "https://files.pythonhosted.org/packages/76/72/33d1bb4be61f1327d3cd76fc41e2d001a6b748a0648d944c646643f123fe/importlib_metadata-7.2.1.tar.gz", hash = "sha256:509ecb2ab77071db5137c655e24ceb3eee66e7bbc6574165d0d114d9fc4bbe68", size = 52834, upload-time = "2024-06-23T15:17:54.753Z" }
wheels = [
    { url = "https://files.pythonhosted.org/packages/9e/28/7daa5f782f5e2cbbec00556bf23ca106023470ebab3ae1040ee778269af1/importlib_metadata-7.2.1-py3-none-any.whl", hash = "sha256:ffef94b0b66046dd8ea2d619b701fe978d9264d38f3998bc4c27ec3b146a87c8", size = 25037, upload-time = "2024-06-23T15:17:52.117Z" },
]

[[package]]
name = "libtextworker"
version = "0.1.4b1"
source = { git = "https://gitlab.com/textworker/legacy-python/libtextworker#8b49cd1fc93ec1a9ee97307eb88a3b0cd70ce445" }
dependencies = [
    { name = "commented-configparser" },
    { name = "importlib-metadata" },
    { name = "packaging" },
    { name = "watchdog" },
]

[[package]]
name = "packaging"
version = "23.2"
source = { registry = "https://pypi.org/simple" }
sdist = { url = "https://files.pythonhosted.org/packages/fb/2b/9b9c33ffed44ee921d0967086d653047286054117d584f1b1a7c22ceaf7b/packaging-23.2.tar.gz", hash = "sha256:048fb0e9405036518eaaf48a55953c750c11e1a1b68e0dd1a9d62ed0c092cfc5", size = 146714, upload-time = "2023-10-01T13:50:05.279Z" }
wheels = [
    { url = "https://files.pythonhosted.org/packages/ec/1a/610693ac4ee14fcdf2d9bf3c493370e4f2ef7ae2e19217d7a237ff42367d/packaging-23.2-py3-none-any.whl", hash = "sha256:8c491190033a9af7e1d931d0b5dacc2ef47509b34dd0de67ed209b5203fc88c7", size = 53011, upload-time = "2023-10-01T13:50:03.745Z" },
]

[[package]]
name = "stringfinder"
version = "0.1.0"
source = { virtual = "." }
dependencies = [
    { name = "darkdetect" },
    { name = "libtextworker" },
    { name = "wxpython" },
]

[package.metadata]
requires-dist = [
    { name = "darkdetect", specifier = ">=0.8.0" },
    { name = "libtextworker", git = "https://gitlab.com/textworker/legacy-python/libtextworker" },
    { name = "wxpython", specifier = ">=4.2.3" },
]

[[package]]
name = "watchdog"
version = "4.0.2"
source = { registry = "https://pypi.org/simple" }
sdist = { url = "https://files.pythonhosted.org/packages/4f/38/764baaa25eb5e35c9a043d4c4588f9836edfe52a708950f4b6d5f714fd42/watchdog-4.0.2.tar.gz", hash = "sha256:b4dfbb6c49221be4535623ea4474a4d6ee0a9cef4a80b20c28db4d858b64e270", size = 126587, upload-time = "2024-08-11T07:38:01.623Z" }
wheels = [
    { url = "https://files.pythonhosted.org/packages/79/63/eb8994a182672c042d85a33507475c50c2ee930577524dd97aea05251527/watchdog-4.0.2-cp313-cp313-macosx_10_13_universal2.whl", hash = "sha256:cd67c7df93eb58f360c43802acc945fa8da70c675b6fa37a241e17ca698ca49b", size = 100343, upload-time = "2024-08-11T07:37:21.935Z" },
    { url = "https://files.pythonhosted.org/packages/ce/82/027c0c65c2245769580605bcd20a1dc7dfd6c6683c8c4e2ef43920e38d27/watchdog-4.0.2-cp313-cp313-macosx_10_13_x86_64.whl", hash = "sha256:bcfd02377be80ef3b6bc4ce481ef3959640458d6feaae0bd43dd90a43da90a7d", size = 92313, upload-time = "2024-08-11T07:37:23.314Z" },
    { url = "https://files.pythonhosted.org/packages/2a/89/ad4715cbbd3440cb0d336b78970aba243a33a24b1a79d66f8d16b4590d6a/watchdog-4.0.2-cp313-cp313-macosx_11_0_arm64.whl", hash = "sha256:980b71510f59c884d684b3663d46e7a14b457c9611c481e5cef08f4dd022eed7", size = 92919, upload-time = "2024-08-11T07:37:24.715Z" },
    { url = "https://files.pythonhosted.org/packages/8a/b1/25acf6767af6f7e44e0086309825bd8c098e301eed5868dc5350642124b9/watchdog-4.0.2-py3-none-manylinux2014_aarch64.whl", hash = "sha256:936acba76d636f70db8f3c66e76aa6cb5136a936fc2a5088b9ce1c7a3508fc83", size = 82947, upload-time = "2024-08-11T07:37:45.388Z" },
    { url = "https://files.pythonhosted.org/packages/e8/90/aebac95d6f954bd4901f5d46dcd83d68e682bfd21798fd125a95ae1c9dbf/watchdog-4.0.2-py3-none-manylinux2014_armv7l.whl", hash = "sha256:e252f8ca942a870f38cf785aef420285431311652d871409a64e2a0a52a2174c", size = 82942, upload-time = "2024-08-11T07:37:46.722Z" },
    { url = "https://files.pythonhosted.org/packages/15/3a/a4bd8f3b9381824995787488b9282aff1ed4667e1110f31a87b871ea851c/watchdog-4.0.2-py3-none-manylinux2014_i686.whl", hash = "sha256:0e83619a2d5d436a7e58a1aea957a3c1ccbf9782c43c0b4fed80580e5e4acd1a", size = 82947, upload-time = "2024-08-11T07:37:48.941Z" },
    { url = "https://files.pythonhosted.org/packages/09/cc/238998fc08e292a4a18a852ed8274159019ee7a66be14441325bcd811dfd/watchdog-4.0.2-py3-none-manylinux2014_ppc64.whl", hash = "sha256:88456d65f207b39f1981bf772e473799fcdc10801062c36fd5ad9f9d1d463a73", size = 82946, upload-time = "2024-08-11T07:37:50.279Z" },
    { url = "https://files.pythonhosted.org/packages/80/f1/d4b915160c9d677174aa5fae4537ae1f5acb23b3745ab0873071ef671f0a/watchdog-4.0.2-py3-none-manylinux2014_ppc64le.whl", hash = "sha256:32be97f3b75693a93c683787a87a0dc8db98bb84701539954eef991fb35f5fbc", size = 82947, upload-time = "2024-08-11T07:37:51.55Z" },
    { url = "https://files.pythonhosted.org/packages/db/02/56ebe2cf33b352fe3309588eb03f020d4d1c061563d9858a9216ba004259/watchdog-4.0.2-py3-none-manylinux2014_s390x.whl", hash = "sha256:c82253cfc9be68e3e49282831afad2c1f6593af80c0daf1287f6a92657986757", size = 82944, upload-time = "2024-08-11T07:37:52.855Z" },
    { url = "https://files.pythonhosted.org/packages/01/d2/c8931ff840a7e5bd5dcb93f2bb2a1fd18faf8312e9f7f53ff1cf76ecc8ed/watchdog-4.0.2-py3-none-manylinux2014_x86_64.whl", hash = "sha256:c0b14488bd336c5b1845cee83d3e631a1f8b4e9c5091ec539406e4a324f882d8", size = 82947, upload-time = "2024-08-11T07:37:55.172Z" },
    { url = "https://files.pythonhosted.org/packages/d0/d8/cdb0c21a4a988669d7c210c75c6a2c9a0e16a3b08d9f7e633df0d9a16ad8/watchdog-4.0.2-py3-none-win32.whl", hash = "sha256:0d8a7e523ef03757a5aa29f591437d64d0d894635f8a50f370fe37f913ce4e19", size = 82935, upload-time = "2024-08-11T07:37:56.668Z" },
    { url = "https://files.pythonhosted.org/packages/99/2e/b69dfaae7a83ea64ce36538cc103a3065e12c447963797793d5c0a1d5130/watchdog-4.0.2-py3-none-win_amd64.whl", hash = "sha256:c344453ef3bf875a535b0488e3ad28e341adbd5a9ffb0f7d62cefacc8824ef2b", size = 82934, upload-time = "2024-08-11T07:37:57.991Z" },
    { url = "https://files.pythonhosted.org/packages/b0/0b/43b96a9ecdd65ff5545b1b13b687ca486da5c6249475b1a45f24d63a1858/watchdog-4.0.2-py3-none-win_ia64.whl", hash = "sha256:baececaa8edff42cd16558a639a9b0ddf425f93d892e8392a56bf904f5eff22c", size = 82933, upload-time = "2024-08-11T07:37:59.573Z" },
]

[[package]]
name = "wxpython"
version = "4.2.3"
source = { registry = "https://pypi.org/simple" }
sdist = { url = "https://files.pythonhosted.org/packages/4c/d9/4451392d3d6ba45aa23aa77a6f1a9970b43351b956bf61e10fd513a1dc38/wxPython-4.2.3.tar.gz", hash = "sha256:20d6e0c927e27ced85643719bd63e9f7fd501df6e9a8aab1489b039897fd7c01", size = 58861286, upload-time = "2025-04-10T02:49:43.557Z" }
wheels = [
    { url = "https://files.pythonhosted.org/packages/af/d9/da813737843fe4290d63061f8c77d172a3c3f9242a2d3590ecec4ff91d6d/wxpython-4.2.3-cp313-cp313-macosx_10_13_x86_64.whl", hash = "sha256:718a1560e341b5c4755fe9e8a431a1c6796a9d742a4bfce7ebd90d8a71ac0dd4", size = 18796223, upload-time = "2025-04-10T02:49:15.582Z" },
    { url = "https://files.pythonhosted.org/packages/7d/b5/f65ba11cd6b1de8279085fba287ec869a35eb122743d620a58d65d54a177/wxpython-4.2.3-cp313-cp313-macosx_11_0_arm64.whl", hash = "sha256:a1a367e4242ae83aedbaf2728f622be8ee7aec4721eb4254fe8cf2d86f893bc5", size = 17853488, upload-time = "2025-04-10T02:49:18.412Z" },
    { url = "https://files.pythonhosted.org/packages/9e/42/fe653ffb7817d09cbc146bb67ace7fc690bdbe2739bbe472f99d8c51b01c/wxpython-4.2.3-cp313-cp313-win32.whl", hash = "sha256:676aeb82d64d3d3cb94210e882a508bb1013de5fb55917f54f8dd2c1483f9110", size = 14507572, upload-time = "2025-04-10T02:49:20.927Z" },
    { url = "https://files.pythonhosted.org/packages/83/5c/1692523ab503b34065add84f184e1b0e4b6af6b5bde6447666a0d192b29d/wxpython-4.2.3-cp313-cp313-win_amd64.whl", hash = "sha256:dac14ea1b04d90b403414f0401704beecae0d3e7143755a20da0ac2cfec02bf9", size = 16566260, upload-time = "2025-04-10T02:49:24.378Z" },
]

[[package]]
name = "zipp"
version = "3.22.0"
source = { registry = "https://pypi.org/simple" }
sdist = { url = "https://files.pythonhosted.org/packages/12/b6/7b3d16792fdf94f146bed92be90b4eb4563569eca91513c8609aebf0c167/zipp-3.22.0.tar.gz", hash = "sha256:dd2f28c3ce4bc67507bfd3781d21b7bb2be31103b51a4553ad7d90b84e57ace5", size = 25257, upload-time = "2025-05-26T14:46:32.217Z" }
wheels = [
    { url = "https://files.pythonhosted.org/packages/ad/da/f64669af4cae46f17b90798a827519ce3737d31dbafad65d391e49643dc4/zipp-3.22.0-py3-none-any.whl", hash = "sha256:fe208f65f2aca48b81f9e6fd8cf7b8b32c26375266b009b413d45306b6148343", size = 9796, upload-time = "2025-05-26T14:46:30.775Z" },
]
